
Microsoft Visual Studio Solution File, Format Version 12.00
# Visual Studio Version 17
VisualStudioVersion = 17.14.36310.24
MinimumVisualStudioVersion = 10.0.40219.1
Project("{2150E333-8FDC-42A3-9474-1A3956D46DE8}") = "Api", "Api", "{02EA681E-C7D8-13C7-8484-4AC65E1B71E8}"
EndProject
Project("{2150E333-8FDC-42A3-9474-1A3956D46DE8}") = "Domain", "Domain", "{C97E15AA-1CC6-467B-AF11-55EFC41E4282}"
EndProject
Project("{2150E333-8FDC-42A3-9474-1A3956D46DE8}") = "Aplication", "Aplication", "{736562D8-40B2-4397-8E51-415668FF7090}"
EndProject
Project("{2150E333-8FDC-42A3-9474-1A3956D46DE8}") = "Infrastructure", "Infrastructure", "{FAC9D3E9-2F9D-438D-9AA1-40DA0D907340}"
EndProject
Project("{FAE04EC0-301F-11D3-BF4B-00C04F79EFBC}") = "Licona.MyAcademy.Students.Api", "Api\Licona.MyAcademy.Students.Api\Licona.MyAcademy.Students.Api.csproj", "{AD852FB1-0CB8-4889-BF89-29B8BF7D1CC5}"
EndProject
Project("{2150E333-8FDC-42A3-9474-1A3956D46DE8}") = "Consumer", "Consumer", "{A79ADD3A-64AF-40D2-9ED6-CB26FEB39D8E}"
EndProject
Project("{FAE04EC0-301F-11D3-BF4B-00C04F79EFBC}") = "Licona.MyAcademy.Students.Domain", "Domain\Licona.MyAcademy.Students.Domain\Licona.MyAcademy.Students.Domain.csproj", "{BD48E932-AC2E-40A6-BFA1-B8818B0CBD1C}"
EndProject
Project("{FAE04EC0-301F-11D3-BF4B-00C04F79EFBC}") = "Licona.MyAcademy.Students.Worker", "Consumer\Licona.MyAcademy.Students.Worker\Licona.MyAcademy.Students.Worker.csproj", "{E1BCA1D2-8F19-4B63-9E44-1955EE718EEA}"
EndProject
Project("{FAE04EC0-301F-11D3-BF4B-00C04F79EFBC}") = "Licona.MyAcademy.Students.Infrastructure", "Infrastructure\Licona.MyAcademy.Students.Infrastructure\Licona.MyAcademy.Students.Infrastructure.csproj", "{BAC58CB8-8C85-4F53-8977-ACDAF0A918E5}"
EndProject
Project("{FAE04EC0-301F-11D3-BF4B-00C04F79EFBC}") = "Licona.MyAcademy.Students.Application", "Application\Licona.MyAcademy.Students.Application\Licona.MyAcademy.Students.Application.csproj", "{E08E5E07-61D4-4F3F-9035-2B0EC179870C}"
EndProject
Global
	GlobalSection(SolutionConfigurationPlatforms) = preSolution
		Debug|Any CPU = Debug|Any CPU
		Release|Any CPU = Release|Any CPU
	EndGlobalSection
	GlobalSection(ProjectConfigurationPlatforms) = postSolution
		{AD852FB1-0CB8-4889-BF89-29B8BF7D1CC5}.Debug|Any CPU.ActiveCfg = Debug|Any CPU
		{AD852FB1-0CB8-4889-BF89-29B8BF7D1CC5}.Debug|Any CPU.Build.0 = Debug|Any CPU
		{AD852FB1-0CB8-4889-BF89-29B8BF7D1CC5}.Release|Any CPU.ActiveCfg = Release|Any CPU
		{AD852FB1-0CB8-4889-BF89-29B8BF7D1CC5}.Release|Any CPU.Build.0 = Release|Any CPU
		{BD48E932-AC2E-40A6-BFA1-B8818B0CBD1C}.Debug|Any CPU.ActiveCfg = Debug|Any CPU
		{BD48E932-AC2E-40A6-BFA1-B8818B0CBD1C}.Debug|Any CPU.Build.0 = Debug|Any CPU
		{BD48E932-AC2E-40A6-BFA1-B8818B0CBD1C}.Release|Any CPU.ActiveCfg = Release|Any CPU
		{BD48E932-AC2E-40A6-BFA1-B8818B0CBD1C}.Release|Any CPU.Build.0 = Release|Any CPU
		{E1BCA1D2-8F19-4B63-9E44-1955EE718EEA}.Debug|Any CPU.ActiveCfg = Debug|Any CPU
		{E1BCA1D2-8F19-4B63-9E44-1955EE718EEA}.Debug|Any CPU.Build.0 = Debug|Any CPU
		{E1BCA1D2-8F19-4B63-9E44-1955EE718EEA}.Release|Any CPU.ActiveCfg = Release|Any CPU
		{E1BCA1D2-8F19-4B63-9E44-1955EE718EEA}.Release|Any CPU.Build.0 = Release|Any CPU
		{BAC58CB8-8C85-4F53-8977-ACDAF0A918E5}.Debug|Any CPU.ActiveCfg = Debug|Any CPU
		{BAC58CB8-8C85-4F53-8977-ACDAF0A918E5}.Debug|Any CPU.Build.0 = Debug|Any CPU
		{BAC58CB8-8C85-4F53-8977-ACDAF0A918E5}.Release|Any CPU.ActiveCfg = Release|Any CPU
		{BAC58CB8-8C85-4F53-8977-ACDAF0A918E5}.Release|Any CPU.Build.0 = Release|Any CPU
		{E08E5E07-61D4-4F3F-9035-2B0EC179870C}.Debug|Any CPU.ActiveCfg = Debug|Any CPU
		{E08E5E07-61D4-4F3F-9035-2B0EC179870C}.Debug|Any CPU.Build.0 = Debug|Any CPU
		{E08E5E07-61D4-4F3F-9035-2B0EC179870C}.Release|Any CPU.ActiveCfg = Release|Any CPU
		{E08E5E07-61D4-4F3F-9035-2B0EC179870C}.Release|Any CPU.Build.0 = Release|Any CPU
	EndGlobalSection
	GlobalSection(SolutionProperties) = preSolution
		HideSolutionNode = FALSE
	EndGlobalSection
	GlobalSection(NestedProjects) = preSolution
		{AD852FB1-0CB8-4889-BF89-29B8BF7D1CC5} = {02EA681E-C7D8-13C7-8484-4AC65E1B71E8}
		{BD48E932-AC2E-40A6-BFA1-B8818B0CBD1C} = {C97E15AA-1CC6-467B-AF11-55EFC41E4282}
		{E1BCA1D2-8F19-4B63-9E44-1955EE718EEA} = {A79ADD3A-64AF-40D2-9ED6-CB26FEB39D8E}
		{BAC58CB8-8C85-4F53-8977-ACDAF0A918E5} = {FAC9D3E9-2F9D-438D-9AA1-40DA0D907340}
		{E08E5E07-61D4-4F3F-9035-2B0EC179870C} = {736562D8-40B2-4397-8E51-415668FF7090}
	EndGlobalSection
	GlobalSection(ExtensibilityGlobals) = postSolution
		SolutionGuid = {C6B70AD0-61DF-4009-A458-676C32531B55}
	EndGlobalSection
EndGlobal
